
Microsoft Visual Studio Solution File, Format Version 12.00
Project("{2150E333-8FDC-42A3-9474-1A3956D46DE8}") = "SDK", "SDK", "{00C33826-A52B-4550-8791-9893D316EC3F}"
EndProject
Project("{2150E333-8FDC-42A3-9474-1A3956D46DE8}") = "Examples", "Examples", "{305B55B6-83D0-453C-A77E-080214FA0657}"
EndProject
Project("{F2A71F9B-5D33-465A-A702-920D77279786}") = "Falco.Datastar", "src\Falco.Datastar\Falco.Datastar.fsproj", "{6BCE09E2-DA8E-44F9-B5EC-C4F76E329471}"
EndProject
Project("{F2A71F9B-5D33-465A-A702-920D77279786}") = "HelloWorld", "examples\HelloWorld\HelloWorld.fsproj", "{D6FFA8E3-7F43-47DF-BD1E-4C81F3452797}"
EndProject
Project("{F2A71F9B-5D33-465A-A702-920D77279786}") = "ClickToEdit", "examples\ClickToEdit\ClickToEdit.fsproj", "{A33C6CE1-466A-49D5-8553-7408099C55E5}"
EndProject
Project("{F2A71F9B-5D33-465A-A702-920D77279786}") = "ClickToLoad", "examples\ClickToLoad\ClickToLoad.fsproj", "{384A5EF7-ED8D-4E20-B177-5B120FC9EFE9}"
EndProject
Project("{F2A71F9B-5D33-465A-A702-920D77279786}") = "ClickAndSwap", "examples\ClickAndSwap\ClickAndSwap.fsproj", "{8E2C0AA3-07E5-40D8-8F16-905F5F1D30AE}"
EndProject
Project("{F2A71F9B-5D33-465A-A702-920D77279786}") = "Signals", "Examples\Signals\Signals.fsproj", "{0187E584-68DF-4D8C-874C-FF8E061932DF}"
EndProject
Project("{F2A71F9B-5D33-465A-A702-920D77279786}") = "Streaming", "Examples\Streaming\Streaming.fsproj", "{AECB950B-20DD-40C4-9ACA-3A8FF1CFBC05}"
EndProject
Project("{2150E333-8FDC-42A3-9474-1A3956D46DE8}") = "Tests", "Tests", "{3458D5A7-460B-48A9-8B95-A3FF52D58E8E}"
EndProject
Project("{F2A71F9B-5D33-465A-A702-920D77279786}") = "Falco.Datastar.Tests", "test\Falco.Datastar.Tests\Falco.Datastar.Tests.fsproj", "{772A0FC5-A796-4408-9751-53842F8B8C77}"
EndProject
Project("{2150E333-8FDC-42A3-9474-1A3956D46DE8}") = "GitHub", "GitHub", "{8CDC461C-AAC6-49CA-8BDB-81AD69A0934D}"
EndProject
Project("{2150E333-8FDC-42A3-9474-1A3956D46DE8}") = "workflows", "workflows", "{A8B7EA1A-4A30-4C97-B056-E88429912A12}"
	ProjectSection(SolutionItems) = preProject
		.github\workflows\sdk-dotnet-nuget.yml = .github\workflows\sdk-dotnet-nuget.yml
		.github\workflows\build.yml = .github\workflows\build.yml
	EndProjectSection
EndProject
Global
	GlobalSection(SolutionConfigurationPlatforms) = preSolution
		Debug|Any CPU = Debug|Any CPU
		Release|Any CPU = Release|Any CPU
	EndGlobalSection
	GlobalSection(NestedProjects) = preSolution
		{6BCE09E2-DA8E-44F9-B5EC-C4F76E329471} = {00C33826-A52B-4550-8791-9893D316EC3F}
		{D6FFA8E3-7F43-47DF-BD1E-4C81F3452797} = {305B55B6-83D0-453C-A77E-080214FA0657}
		{A33C6CE1-466A-49D5-8553-7408099C55E5} = {305B55B6-83D0-453C-A77E-080214FA0657}
		{384A5EF7-ED8D-4E20-B177-5B120FC9EFE9} = {305B55B6-83D0-453C-A77E-080214FA0657}
		{8E2C0AA3-07E5-40D8-8F16-905F5F1D30AE} = {305B55B6-83D0-453C-A77E-080214FA0657}
		{0187E584-68DF-4D8C-874C-FF8E061932DF} = {305B55B6-83D0-453C-A77E-080214FA0657}
		{AECB950B-20DD-40C4-9ACA-3A8FF1CFBC05} = {305B55B6-83D0-453C-A77E-080214FA0657}
		{772A0FC5-A796-4408-9751-53842F8B8C77} = {3458D5A7-460B-48A9-8B95-A3FF52D58E8E}
		{A8B7EA1A-4A30-4C97-B056-E88429912A12} = {8CDC461C-AAC6-49CA-8BDB-81AD69A0934D}
	EndGlobalSection
	GlobalSection(ProjectConfigurationPlatforms) = postSolution
		{6BCE09E2-DA8E-44F9-B5EC-C4F76E329471}.Debug|Any CPU.ActiveCfg = Debug|Any CPU
		{6BCE09E2-DA8E-44F9-B5EC-C4F76E329471}.Debug|Any CPU.Build.0 = Debug|Any CPU
		{6BCE09E2-DA8E-44F9-B5EC-C4F76E329471}.Release|Any CPU.ActiveCfg = Release|Any CPU
		{6BCE09E2-DA8E-44F9-B5EC-C4F76E329471}.Release|Any CPU.Build.0 = Release|Any CPU
		{D6FFA8E3-7F43-47DF-BD1E-4C81F3452797}.Debug|Any CPU.ActiveCfg = Debug|Any CPU
		{D6FFA8E3-7F43-47DF-BD1E-4C81F3452797}.Debug|Any CPU.Build.0 = Debug|Any CPU
		{D6FFA8E3-7F43-47DF-BD1E-4C81F3452797}.Release|Any CPU.ActiveCfg = Release|Any CPU
		{D6FFA8E3-7F43-47DF-BD1E-4C81F3452797}.Release|Any CPU.Build.0 = Release|Any CPU
		{A33C6CE1-466A-49D5-8553-7408099C55E5}.Debug|Any CPU.ActiveCfg = Debug|Any CPU
		{A33C6CE1-466A-49D5-8553-7408099C55E5}.Debug|Any CPU.Build.0 = Debug|Any CPU
		{A33C6CE1-466A-49D5-8553-7408099C55E5}.Release|Any CPU.ActiveCfg = Release|Any CPU
		{A33C6CE1-466A-49D5-8553-7408099C55E5}.Release|Any CPU.Build.0 = Release|Any CPU
		{384A5EF7-ED8D-4E20-B177-5B120FC9EFE9}.Debug|Any CPU.ActiveCfg = Debug|Any CPU
		{384A5EF7-ED8D-4E20-B177-5B120FC9EFE9}.Debug|Any CPU.Build.0 = Debug|Any CPU
		{384A5EF7-ED8D-4E20-B177-5B120FC9EFE9}.Release|Any CPU.ActiveCfg = Release|Any CPU
		{384A5EF7-ED8D-4E20-B177-5B120FC9EFE9}.Release|Any CPU.Build.0 = Release|Any CPU
		{8E2C0AA3-07E5-40D8-8F16-905F5F1D30AE}.Debug|Any CPU.ActiveCfg = Debug|Any CPU
		{8E2C0AA3-07E5-40D8-8F16-905F5F1D30AE}.Debug|Any CPU.Build.0 = Debug|Any CPU
		{8E2C0AA3-07E5-40D8-8F16-905F5F1D30AE}.Release|Any CPU.ActiveCfg = Release|Any CPU
		{8E2C0AA3-07E5-40D8-8F16-905F5F1D30AE}.Release|Any CPU.Build.0 = Release|Any CPU
		{0187E584-68DF-4D8C-874C-FF8E061932DF}.Debug|Any CPU.ActiveCfg = Debug|Any CPU
		{0187E584-68DF-4D8C-874C-FF8E061932DF}.Debug|Any CPU.Build.0 = Debug|Any CPU
		{0187E584-68DF-4D8C-874C-FF8E061932DF}.Release|Any CPU.ActiveCfg = Release|Any CPU
		{0187E584-68DF-4D8C-874C-FF8E061932DF}.Release|Any CPU.Build.0 = Release|Any CPU
		{AECB950B-20DD-40C4-9ACA-3A8FF1CFBC05}.Debug|Any CPU.ActiveCfg = Debug|Any CPU
		{AECB950B-20DD-40C4-9ACA-3A8FF1CFBC05}.Debug|Any CPU.Build.0 = Debug|Any CPU
		{AECB950B-20DD-40C4-9ACA-3A8FF1CFBC05}.Release|Any CPU.ActiveCfg = Release|Any CPU
		{AECB950B-20DD-40C4-9ACA-3A8FF1CFBC05}.Release|Any CPU.Build.0 = Release|Any CPU
		{772A0FC5-A796-4408-9751-53842F8B8C77}.Debug|Any CPU.ActiveCfg = Debug|Any CPU
		{772A0FC5-A796-4408-9751-53842F8B8C77}.Debug|Any CPU.Build.0 = Debug|Any CPU
		{772A0FC5-A796-4408-9751-53842F8B8C77}.Release|Any CPU.ActiveCfg = Release|Any CPU
		{772A0FC5-A796-4408-9751-53842F8B8C77}.Release|Any CPU.Build.0 = Release|Any CPU
	EndGlobalSection
EndGlobal
